
Microsoft Visual Studio Solution File, Format Version 12.00
# Visual Studio Version 16
VisualStudioVersion = 16.0.31624.102
MinimumVisualStudioVersion = 10.0.40219.1
Project("{8BC9CEB8-8B4A-11D0-8D11-00A0C91BC942}") = "배열과 문자열", "배열과 문자열.vcxproj", "{9EFCC7DA-8AB1-414C-BA07-BF2FB0E134AB}"
EndProject
Global
	GlobalSection(SolutionConfigurationPlatforms) = preSolution
		Debug|x64 = Debug|x64
		Debug|x86 = Debug|x86
		Release|x64 = Release|x64
		Release|x86 = Release|x86
	EndGlobalSection
	GlobalSection(ProjectConfigurationPlatforms) = postSolution
		{9EFCC7DA-8AB1-414C-BA07-BF2FB0E134AB}.Debug|x64.ActiveCfg = Debug|x64
		{9EFCC7DA-8AB1-414C-BA07-BF2FB0E134AB}.Debug|x64.Build.0 = Debug|x64
		{9EFCC7DA-8AB1-414C-BA07-BF2FB0E134AB}.Debug|x86.ActiveCfg = Debug|Win32
		{9EFCC7DA-8AB1-414C-BA07-BF2FB0E134AB}.Debug|x86.Build.0 = Debug|Win32
		{9EFCC7DA-8AB1-414C-BA07-BF2FB0E134AB}.Release|x64.ActiveCfg = Release|x64
		{9EFCC7DA-8AB1-414C-BA07-BF2FB0E134AB}.Release|x64.Build.0 = Release|x64
		{9EFCC7DA-8AB1-414C-BA07-BF2FB0E134AB}.Release|x86.ActiveCfg = Release|Win32
		{9EFCC7DA-8AB1-414C-BA07-BF2FB0E134AB}.Release|x86.Build.0 = Release|Win32
	EndGlobalSection
	GlobalSection(SolutionProperties) = preSolution
		HideSolutionNode = FALSE
	EndGlobalSection
	GlobalSection(ExtensibilityGlobals) = postSolution
		SolutionGuid = {1BAE82F8-6C24-4D51-ACA3-9DFC1393637D}
	EndGlobalSection
EndGlobal
